
Microsoft Visual Studio Solution File, Format Version 12.00
# Visual Studio Version 16
VisualStudioVersion = 16.0.29920.165
MinimumVisualStudioVersion = 10.0.40219.1
Project("{2150E333-8FDC-42A3-9474-1A3956D46DE8}") = "Libraries", "Libraries", "{D423A163-938D-412A-A2DB-508E68A82D0D}"
EndProject
Project("{2150E333-8FDC-42A3-9474-1A3956D46DE8}") = "Presentation", "Presentation", "{BBCED58D-4049-44A4-9E7D-E694374190CD}"
EndProject
Project("{2150E333-8FDC-42A3-9474-1A3956D46DE8}") = "Plugins", "Plugins", "{B1D04F16-2A82-4AFF-9E6A-E7DFF277B169}"
EndProject
Project("{FAE04EC0-301F-11D3-BF4B-00C04F79EFBC}") = "Project.Core", "Project.Core\Project.Core.csproj", "{8EAC59E1-C204-41AD-B17F-743F06CB3945}"
EndProject
Project("{FAE04EC0-301F-11D3-BF4B-00C04F79EFBC}") = "Project.Data", "Project.Data\Project.Data.csproj", "{A8808B1D-2AD9-4DD2-AD56-BF8E11E82C9F}"
EndProject
Project("{FAE04EC0-301F-11D3-BF4B-00C04F79EFBC}") = "Project.Dto", "Project.Dto\Project.Dto.csproj", "{F8C987D1-5230-4DB9-AFC6-C3CF9CC4C235}"
EndProject
Project("{FAE04EC0-301F-11D3-BF4B-00C04F79EFBC}") = "Project.IoC", "Project.IoC\Project.IoC.csproj", "{D27E10CD-4057-485F-875A-89BDAD737CE2}"
EndProject
Project("{FAE04EC0-301F-11D3-BF4B-00C04F79EFBC}") = "Project.Service", "Project.Service\Project.Service.csproj", "{63E44717-7A0F-421D-A865-AD7436D5B19B}"
EndProject
Project("{FAE04EC0-301F-11D3-BF4B-00C04F79EFBC}") = "Project.Utilities", "Project.Utilities\Project.Utilities.csproj", "{90FC795D-B74B-4D2B-B778-47BBA2019C87}"
EndProject
Project("{FAE04EC0-301F-11D3-BF4B-00C04F79EFBC}") = "Project.Web", "Project.Web\Project.Web.csproj", "{81FCAED7-60A0-4B87-84C4-C7D0740D6997}"
EndProject
Project("{FAE04EC0-301F-11D3-BF4B-00C04F79EFBC}") = "Project.WebApi", "Project.WebApi\Project.WebApi.csproj", "{7D07C134-EE84-4BBF-9613-D8DC921D43FE}"
EndProject
Project("{FAE04EC0-301F-11D3-BF4B-00C04F79EFBC}") = "Project.WebService", "Project.WebService\Project.WebService.csproj", "{140684F1-6826-4C60-96DF-BC3CF39C30BD}"
EndProject
Global
	GlobalSection(SolutionConfigurationPlatforms) = preSolution
		Debug|Any CPU = Debug|Any CPU
		Release|Any CPU = Release|Any CPU
	EndGlobalSection
	GlobalSection(ProjectConfigurationPlatforms) = postSolution
		{8EAC59E1-C204-41AD-B17F-743F06CB3945}.Debug|Any CPU.ActiveCfg = Debug|Any CPU
		{8EAC59E1-C204-41AD-B17F-743F06CB3945}.Debug|Any CPU.Build.0 = Debug|Any CPU
		{8EAC59E1-C204-41AD-B17F-743F06CB3945}.Release|Any CPU.ActiveCfg = Release|Any CPU
		{8EAC59E1-C204-41AD-B17F-743F06CB3945}.Release|Any CPU.Build.0 = Release|Any CPU
		{A8808B1D-2AD9-4DD2-AD56-BF8E11E82C9F}.Debug|Any CPU.ActiveCfg = Debug|Any CPU
		{A8808B1D-2AD9-4DD2-AD56-BF8E11E82C9F}.Debug|Any CPU.Build.0 = Debug|Any CPU
		{A8808B1D-2AD9-4DD2-AD56-BF8E11E82C9F}.Release|Any CPU.ActiveCfg = Release|Any CPU
		{A8808B1D-2AD9-4DD2-AD56-BF8E11E82C9F}.Release|Any CPU.Build.0 = Release|Any CPU
		{F8C987D1-5230-4DB9-AFC6-C3CF9CC4C235}.Debug|Any CPU.ActiveCfg = Debug|Any CPU
		{F8C987D1-5230-4DB9-AFC6-C3CF9CC4C235}.Debug|Any CPU.Build.0 = Debug|Any CPU
		{F8C987D1-5230-4DB9-AFC6-C3CF9CC4C235}.Release|Any CPU.ActiveCfg = Release|Any CPU
		{F8C987D1-5230-4DB9-AFC6-C3CF9CC4C235}.Release|Any CPU.Build.0 = Release|Any CPU
		{D27E10CD-4057-485F-875A-89BDAD737CE2}.Debug|Any CPU.ActiveCfg = Debug|Any CPU
		{D27E10CD-4057-485F-875A-89BDAD737CE2}.Debug|Any CPU.Build.0 = Debug|Any CPU
		{D27E10CD-4057-485F-875A-89BDAD737CE2}.Release|Any CPU.ActiveCfg = Release|Any CPU
		{D27E10CD-4057-485F-875A-89BDAD737CE2}.Release|Any CPU.Build.0 = Release|Any CPU
		{63E44717-7A0F-421D-A865-AD7436D5B19B}.Debug|Any CPU.ActiveCfg = Debug|Any CPU
		{63E44717-7A0F-421D-A865-AD7436D5B19B}.Debug|Any CPU.Build.0 = Debug|Any CPU
		{63E44717-7A0F-421D-A865-AD7436D5B19B}.Release|Any CPU.ActiveCfg = Release|Any CPU
		{63E44717-7A0F-421D-A865-AD7436D5B19B}.Release|Any CPU.Build.0 = Release|Any CPU
		{90FC795D-B74B-4D2B-B778-47BBA2019C87}.Debug|Any CPU.ActiveCfg = Debug|Any CPU
		{90FC795D-B74B-4D2B-B778-47BBA2019C87}.Debug|Any CPU.Build.0 = Debug|Any CPU
		{90FC795D-B74B-4D2B-B778-47BBA2019C87}.Release|Any CPU.ActiveCfg = Release|Any CPU
		{90FC795D-B74B-4D2B-B778-47BBA2019C87}.Release|Any CPU.Build.0 = Release|Any CPU
		{81FCAED7-60A0-4B87-84C4-C7D0740D6997}.Debug|Any CPU.ActiveCfg = Debug|Any CPU
		{81FCAED7-60A0-4B87-84C4-C7D0740D6997}.Debug|Any CPU.Build.0 = Debug|Any CPU
		{81FCAED7-60A0-4B87-84C4-C7D0740D6997}.Release|Any CPU.ActiveCfg = Release|Any CPU
		{81FCAED7-60A0-4B87-84C4-C7D0740D6997}.Release|Any CPU.Build.0 = Release|Any CPU
		{7D07C134-EE84-4BBF-9613-D8DC921D43FE}.Debug|Any CPU.ActiveCfg = Debug|Any CPU
		{7D07C134-EE84-4BBF-9613-D8DC921D43FE}.Debug|Any CPU.Build.0 = Debug|Any CPU
		{7D07C134-EE84-4BBF-9613-D8DC921D43FE}.Release|Any CPU.ActiveCfg = Release|Any CPU
		{7D07C134-EE84-4BBF-9613-D8DC921D43FE}.Release|Any CPU.Build.0 = Release|Any CPU
		{140684F1-6826-4C60-96DF-BC3CF39C30BD}.Debug|Any CPU.ActiveCfg = Debug|Any CPU
		{140684F1-6826-4C60-96DF-BC3CF39C30BD}.Debug|Any CPU.Build.0 = Debug|Any CPU
		{140684F1-6826-4C60-96DF-BC3CF39C30BD}.Release|Any CPU.ActiveCfg = Release|Any CPU
		{140684F1-6826-4C60-96DF-BC3CF39C30BD}.Release|Any CPU.Build.0 = Release|Any CPU
	EndGlobalSection
	GlobalSection(SolutionProperties) = preSolution
		HideSolutionNode = FALSE
	EndGlobalSection
	GlobalSection(NestedProjects) = preSolution
		{8EAC59E1-C204-41AD-B17F-743F06CB3945} = {D423A163-938D-412A-A2DB-508E68A82D0D}
		{A8808B1D-2AD9-4DD2-AD56-BF8E11E82C9F} = {D423A163-938D-412A-A2DB-508E68A82D0D}
		{F8C987D1-5230-4DB9-AFC6-C3CF9CC4C235} = {D423A163-938D-412A-A2DB-508E68A82D0D}
		{D27E10CD-4057-485F-875A-89BDAD737CE2} = {D423A163-938D-412A-A2DB-508E68A82D0D}
		{63E44717-7A0F-421D-A865-AD7436D5B19B} = {D423A163-938D-412A-A2DB-508E68A82D0D}
		{90FC795D-B74B-4D2B-B778-47BBA2019C87} = {B1D04F16-2A82-4AFF-9E6A-E7DFF277B169}
		{81FCAED7-60A0-4B87-84C4-C7D0740D6997} = {BBCED58D-4049-44A4-9E7D-E694374190CD}
		{7D07C134-EE84-4BBF-9613-D8DC921D43FE} = {BBCED58D-4049-44A4-9E7D-E694374190CD}
		{140684F1-6826-4C60-96DF-BC3CF39C30BD} = {BBCED58D-4049-44A4-9E7D-E694374190CD}
	EndGlobalSection
	GlobalSection(ExtensibilityGlobals) = postSolution
		SolutionGuid = {A30FED27-F72C-4971-8AE9-97307A00CE24}
	EndGlobalSection
EndGlobal
